
Microsoft Visual Studio Solution File, Format Version 12.00
# Visual Studio 15
VisualStudioVersion = 15.0.27130.2036
MinimumVisualStudioVersion = 10.0.40219.1
Project("{FAE04EC0-301F-11D3-BF4B-00C04F79EFBC}") = "HomeWorkForUAV", "HomeWorkForUAV\HomeWorkForUAV.csproj", "{C46512C7-1030-46DF-BE8D-C61C9966D413}"
EndProject
Global
	GlobalSection(SolutionConfigurationPlatforms) = preSolution
		Debug|Any CPU = Debug|Any CPU
		Release|Any CPU = Release|Any CPU
	EndGlobalSection
	GlobalSection(ProjectConfigurationPlatforms) = postSolution
		{C46512C7-1030-46DF-BE8D-C61C9966D413}.Debug|Any CPU.ActiveCfg = Debug|Any CPU
		{C46512C7-1030-46DF-BE8D-C61C9966D413}.Debug|Any CPU.Build.0 = Debug|Any CPU
		{C46512C7-1030-46DF-BE8D-C61C9966D413}.Release|Any CPU.ActiveCfg = Release|Any CPU
		{C46512C7-1030-46DF-BE8D-C61C9966D413}.Release|Any CPU.Build.0 = Release|Any CPU
	EndGlobalSection
	GlobalSection(SolutionProperties) = preSolution
		HideSolutionNode = FALSE
	EndGlobalSection
	GlobalSection(ExtensibilityGlobals) = postSolution
		SolutionGuid = {169BB1BC-27BA-412B-997D-6EF372B6125E}
	EndGlobalSection
EndGlobal
